
Microsoft Visual Studio Solution File, Format Version 12.00
# Visual Studio 15
VisualStudioVersion = 15.0.27703.2026
MinimumVisualStudioVersion = 10.0.40219.1
Project("{151D2E53-A2C4-4D7D-83FE-D05416EBD58E}") = "Some-ARM-templates-fun", "Some-ARM-templates-fun\Some-ARM-templates-fun.deployproj", "{157DBDFB-7CEB-4F6D-90DD-06525957C422}"
EndProject
Global
	GlobalSection(SolutionConfigurationPlatforms) = preSolution
		Debug|Any CPU = Debug|Any CPU
		Release|Any CPU = Release|Any CPU
	EndGlobalSection
	GlobalSection(ProjectConfigurationPlatforms) = postSolution
		{157DBDFB-7CEB-4F6D-90DD-06525957C422}.Debug|Any CPU.ActiveCfg = Debug|Any CPU
		{157DBDFB-7CEB-4F6D-90DD-06525957C422}.Debug|Any CPU.Build.0 = Debug|Any CPU
		{157DBDFB-7CEB-4F6D-90DD-06525957C422}.Release|Any CPU.ActiveCfg = Release|Any CPU
		{157DBDFB-7CEB-4F6D-90DD-06525957C422}.Release|Any CPU.Build.0 = Release|Any CPU
	EndGlobalSection
	GlobalSection(SolutionProperties) = preSolution
		HideSolutionNode = FALSE
	EndGlobalSection
	GlobalSection(ExtensibilityGlobals) = postSolution
		SolutionGuid = {FCA430F4-B014-4767-A82E-07652E5726A7}
	EndGlobalSection
EndGlobal
